
Microsoft Visual Studio Solution File, Format Version 10.00
# Visual Studio 2008
Project("{FAE04EC0-301F-11D3-BF4B-00C04F79EFBC}") = "HelloUser", "HelloUser\HelloUser.csproj", "{479CD183-1E68-43BB-8A1E-890F5A5C23F5}"
EndProject
Project("{FAE04EC0-301F-11D3-BF4B-00C04F79EFBC}") = "HelloUserLibrary", "HelloUserLibrary\HelloUserLibrary.csproj", "{C656305D-5D52-4661-9CBE-6002C517E285}"
EndProject
Project("{FAE04EC0-301F-11D3-BF4B-00C04F79EFBC}") = "HelloUserLibraryTests", "HelloUserLibraryTests\HelloUserLibraryTests.csproj", "{D65F5532-0417-42E8-8FC2-E13C5D320800}"
EndProject
Project("{2150E333-8FDC-42A3-9474-1A3956D46DE8}") = "builds", "builds", "{E1363822-2661-40D2-807A-3FFD3027EEDB}"
	ProjectSection(SolutionItems) = preProject
		BuildUtils.rb = BuildUtils.rb
		HelloUser.build = HelloUser.build
		Rakefile = Rakefile
	EndProjectSection
EndProject
Global
	GlobalSection(SolutionConfigurationPlatforms) = preSolution
		Debug|Any CPU = Debug|Any CPU
		Release|Any CPU = Release|Any CPU
	EndGlobalSection
	GlobalSection(ProjectConfigurationPlatforms) = postSolution
		{479CD183-1E68-43BB-8A1E-890F5A5C23F5}.Debug|Any CPU.ActiveCfg = Debug|Any CPU
		{479CD183-1E68-43BB-8A1E-890F5A5C23F5}.Debug|Any CPU.Build.0 = Debug|Any CPU
		{479CD183-1E68-43BB-8A1E-890F5A5C23F5}.Release|Any CPU.ActiveCfg = Release|Any CPU
		{479CD183-1E68-43BB-8A1E-890F5A5C23F5}.Release|Any CPU.Build.0 = Release|Any CPU
		{C656305D-5D52-4661-9CBE-6002C517E285}.Debug|Any CPU.ActiveCfg = Debug|Any CPU
		{C656305D-5D52-4661-9CBE-6002C517E285}.Debug|Any CPU.Build.0 = Debug|Any CPU
		{C656305D-5D52-4661-9CBE-6002C517E285}.Release|Any CPU.ActiveCfg = Release|Any CPU
		{C656305D-5D52-4661-9CBE-6002C517E285}.Release|Any CPU.Build.0 = Release|Any CPU
		{D65F5532-0417-42E8-8FC2-E13C5D320800}.Debug|Any CPU.ActiveCfg = Debug|Any CPU
		{D65F5532-0417-42E8-8FC2-E13C5D320800}.Debug|Any CPU.Build.0 = Debug|Any CPU
		{D65F5532-0417-42E8-8FC2-E13C5D320800}.Release|Any CPU.ActiveCfg = Release|Any CPU
		{D65F5532-0417-42E8-8FC2-E13C5D320800}.Release|Any CPU.Build.0 = Release|Any CPU
	EndGlobalSection
	GlobalSection(SolutionProperties) = preSolution
		HideSolutionNode = FALSE
	EndGlobalSection
EndGlobal
